
Microsoft Visual Studio Solution File, Format Version 12.00
# Visual Studio 15
VisualStudioVersion = 15.0.28307.168
MinimumVisualStudioVersion = 10.0.40219.1
Project("{FAE04EC0-301F-11D3-BF4B-00C04F79EFBC}") = "Northwind.Core2", "Northwind.Core2\Northwind.Core2.csproj", "{942A62F1-2A51-4416-BA0B-41FD156E6F73}"
EndProject
Global
	GlobalSection(SolutionConfigurationPlatforms) = preSolution
		Debug|Any CPU = Debug|Any CPU
		Release|Any CPU = Release|Any CPU
	EndGlobalSection
	GlobalSection(ProjectConfigurationPlatforms) = postSolution
		{942A62F1-2A51-4416-BA0B-41FD156E6F73}.Debug|Any CPU.ActiveCfg = Debug|Any CPU
		{942A62F1-2A51-4416-BA0B-41FD156E6F73}.Debug|Any CPU.Build.0 = Debug|Any CPU
		{942A62F1-2A51-4416-BA0B-41FD156E6F73}.Release|Any CPU.ActiveCfg = Release|Any CPU
		{942A62F1-2A51-4416-BA0B-41FD156E6F73}.Release|Any CPU.Build.0 = Release|Any CPU
	EndGlobalSection
	GlobalSection(SolutionProperties) = preSolution
		HideSolutionNode = FALSE
	EndGlobalSection
	GlobalSection(ExtensibilityGlobals) = postSolution
		SolutionGuid = {9772F1FB-E3F7-4527-956E-48115990A262}
	EndGlobalSection
EndGlobal
